{
  "name": "zientsov-latynka",
  "version": "0.4.10",
  "lockfileVersion": 3,
  "requires": true,
  "packages": {
    "": {
      "name": "zientsov-latynka",
      "version": "0.4.10",
      "license": "GPL-3.0-only",
      "dependencies": {
        "dictionary-uk": "4.0.0",
        "nspell": "2.1.5"
      },
      "engines": {
        "node": ">=24"
      }
    },
    "node_modules/dictionary-uk": {
      "version": "4.0.0",
      "resolved": "https://registry.npmjs.org/dictionary-uk/-/dictionary-uk-4.0.0.tgz",
      "integrity": "sha512-AgeLt1iIi3lvUQ8DpEvqhikPvnwF+ffYLdjP0lrh+iOhCwTMhmDRvczyPqIksmHAWxRkFfgDcn7Qw/23GJ/GvA==",
      "license": "GPL-3.0",
      "funding": {
        "type": "github",
        "url": "https://github.com/sponsors/wooorm"
      }
    },
    "node_modules/is-buffer": {
      "version": "2.0.5",
      "resolved": "https://registry.npmjs.org/is-buffer/-/is-buffer-2.0.5.tgz",
      "integrity": "sha512-i2R6zNFDwgEHJyQUtJEk0XFi1i0dPFn/oqjK3/vPCcDeJvW5NQ83V8QbicfF1SupOaB0h8ntgBC2YiE7dfyctQ==",
      "funding": [
        {
          "type": "github",
          "url": "https://github.com/sponsors/feross"
        },
        {
          "type": "patreon",
          "url": "https://www.patreon.com/feross"
        },
        {
          "type": "consulting",
          "url": "https://feross.org/support"
        }
      ],
      "license": "MIT",
      "engines": {
        "node": ">=4"
      }
    },
    "node_modules/nspell": {
      "version": "2.1.5",
      "resolved": "https://registry.npmjs.org/nspell/-/nspell-2.1.5.tgz",
      "integrity": "sha512-PSStyugKMiD9mHmqI/CR5xXrSIGejUXPlo88FBRq5Og1kO5QwQ5Ilu8D8O5I/SHpoS+mibpw6uKA8rd3vXd2Sg==",
      "license": "MIT",
      "dependencies": {
        "is-buffer": "^2.0.0"
      }
    }
  }
}
